
Microsoft Visual Studio Solution File, Format Version 12.00
# Visual Studio Version 16
VisualStudioVersion = 16.0.29409.12
MinimumVisualStudioVersion = 10.0.40219.1
Project("{FAE04EC0-301F-11D3-BF4B-00C04F79EFBC}") = "Paint_1", "Paint_1.csproj", "{A1926520-A073-4075-993E-777B66179559}"
EndProject
Global
	GlobalSection(SolutionConfigurationPlatforms) = preSolution
		Debug|Any CPU = Debug|Any CPU
		Release|Any CPU = Release|Any CPU
	EndGlobalSection
	GlobalSection(ProjectConfigurationPlatforms) = postSolution
		{A1926520-A073-4075-993E-777B66179559}.Debug|Any CPU.ActiveCfg = Debug|Any CPU
		{A1926520-A073-4075-993E-777B66179559}.Debug|Any CPU.Build.0 = Debug|Any CPU
		{A1926520-A073-4075-993E-777B66179559}.Release|Any CPU.ActiveCfg = Release|Any CPU
		{A1926520-A073-4075-993E-777B66179559}.Release|Any CPU.Build.0 = Release|Any CPU
	EndGlobalSection
	GlobalSection(SolutionProperties) = preSolution
		HideSolutionNode = FALSE
	EndGlobalSection
	GlobalSection(ExtensibilityGlobals) = postSolution
		SolutionGuid = {650E38C7-79E5-4ECE-AA5C-676898AC80C2}
	EndGlobalSection
EndGlobal
